title: 'The Children of the Clock: Marginalized Youth and the Night-Time Economy'
subtitle: How 'time billionaires' built their own informal networks.
summary: "An exploration of marginalized youth who become 'time billionaires'\u2014\
  drifting through the day but creating a complex, informal, and sometimes illicit\
  \ night-time economy and social structure."
image: null
datePublished: '2025-12-01'
tags:
- Youth Culture
- Nightlife Economy
- Marginalized Communities
- Urban Symbiosis
slug: 2025-12-01-children-of-the-clock
